
Microsoft Visual Studio Solution File, Format Version 12.00
# Visual Studio Version 17
VisualStudioVersion = 17.10.35027.167
MinimumVisualStudioVersion = 10.0.40219.1
Project("{FAE04EC0-301F-11D3-BF4B-00C04F79EFBC}") = "Homework16", "Homework16\Homework16.csproj", "{8DF36DF6-3353-4180-82AA-022BBEA2FDFD}"
EndProject
Project("{FAE04EC0-301F-11D3-BF4B-00C04F79EFBC}") = "Homework16.DataBase", "Homework16.DataBase\Homework16.DataBase.csproj", "{22A62D77-6A7B-4A3C-8F6A-D53C5F3416CF}"
EndProject
Global
	GlobalSection(SolutionConfigurationPlatforms) = preSolution
		Debug|Any CPU = Debug|Any CPU
		Release|Any CPU = Release|Any CPU
	EndGlobalSection
	GlobalSection(ProjectConfigurationPlatforms) = postSolution
		{8DF36DF6-3353-4180-82AA-022BBEA2FDFD}.Debug|Any CPU.ActiveCfg = Debug|Any CPU
		{8DF36DF6-3353-4180-82AA-022BBEA2FDFD}.Debug|Any CPU.Build.0 = Debug|Any CPU
		{8DF36DF6-3353-4180-82AA-022BBEA2FDFD}.Release|Any CPU.ActiveCfg = Release|Any CPU
		{8DF36DF6-3353-4180-82AA-022BBEA2FDFD}.Release|Any CPU.Build.0 = Release|Any CPU
		{22A62D77-6A7B-4A3C-8F6A-D53C5F3416CF}.Debug|Any CPU.ActiveCfg = Debug|Any CPU
		{22A62D77-6A7B-4A3C-8F6A-D53C5F3416CF}.Debug|Any CPU.Build.0 = Debug|Any CPU
		{22A62D77-6A7B-4A3C-8F6A-D53C5F3416CF}.Release|Any CPU.ActiveCfg = Release|Any CPU
		{22A62D77-6A7B-4A3C-8F6A-D53C5F3416CF}.Release|Any CPU.Build.0 = Release|Any CPU
	EndGlobalSection
	GlobalSection(SolutionProperties) = preSolution
		HideSolutionNode = FALSE
	EndGlobalSection
	GlobalSection(ExtensibilityGlobals) = postSolution
		SolutionGuid = {84CE6326-9C6A-41CF-9A97-EED039F76851}
	EndGlobalSection
EndGlobal
